
Microsoft Visual Studio Solution File, Format Version 12.00
# Visual Studio Version 17
VisualStudioVersion = 17.3.32819.101
MinimumVisualStudioVersion = 10.0.40219.1
Project("{FAE04EC0-301F-11D3-BF4B-00C04F79EFBC}") = "testing", "testing\testing.csproj", "{A0C6F597-A76C-425C-89E7-72FBE4774BBC}"
EndProject
Global
	GlobalSection(SolutionConfigurationPlatforms) = preSolution
		Debug|Any CPU = Debug|Any CPU
		Release|Any CPU = Release|Any CPU
	EndGlobalSection
	GlobalSection(ProjectConfigurationPlatforms) = postSolution
		{A0C6F597-A76C-425C-89E7-72FBE4774BBC}.Debug|Any CPU.ActiveCfg = Debug|Any CPU
		{A0C6F597-A76C-425C-89E7-72FBE4774BBC}.Debug|Any CPU.Build.0 = Debug|Any CPU
		{A0C6F597-A76C-425C-89E7-72FBE4774BBC}.Release|Any CPU.ActiveCfg = Release|Any CPU
		{A0C6F597-A76C-425C-89E7-72FBE4774BBC}.Release|Any CPU.Build.0 = Release|Any CPU
	EndGlobalSection
	GlobalSection(SolutionProperties) = preSolution
		HideSolutionNode = FALSE
	EndGlobalSection
	GlobalSection(ExtensibilityGlobals) = postSolution
		SolutionGuid = {DFEDA099-2372-467B-852B-82CBD1B87751}
	EndGlobalSection
EndGlobal
